# This file is automatically @generated by Cargo.
# It is not intended for manual editing.
version = 4

[[package]]
name = "oprs-adapter"
version = "0.1.0"
dependencies = [
 "oprs-core",
]

[[package]]
name = "oprs-api-types"
version = "0.1.0"
dependencies = [
 "oprs-core",
 "oprs-data",
 "oprs-dry-run",
]

[[package]]
name = "oprs-core"
version = "0.1.0"

[[package]]
name = "oprs-data"
version = "0.1.0"
dependencies = [
 "oprs-core",
]

[[package]]
name = "oprs-dry-run"
version = "0.1.0"
dependencies = [
 "oprs-core",
 "oprs-replay",
]

[[package]]
name = "oprs-replay"
version = "0.1.0"
dependencies = [
 "oprs-core",
]

[[package]]
name = "oprs-risk"
version = "0.1.0"
dependencies = [
 "oprs-core",
]
